
Microsoft Visual Studio Solution File, Format Version 12.00
# Visual Studio 15
VisualStudioVersion = 15.0.28010.2026
MinimumVisualStudioVersion = 10.0.40219.1
Project("{FAE04EC0-301F-11D3-BF4B-00C04F79EFBC}") = "ReleaseCand", "ReleaseCand\ReleaseCand.csproj", "{29524D71-36CB-4208-B007-797CF86F108D}"
EndProject
Global
	GlobalSection(SolutionConfigurationPlatforms) = preSolution
		Debug|Any CPU = Debug|Any CPU
		Release|Any CPU = Release|Any CPU
	EndGlobalSection
	GlobalSection(ProjectConfigurationPlatforms) = postSolution
		{29524D71-36CB-4208-B007-797CF86F108D}.Debug|Any CPU.ActiveCfg = Debug|Any CPU
		{29524D71-36CB-4208-B007-797CF86F108D}.Debug|Any CPU.Build.0 = Debug|Any CPU
		{29524D71-36CB-4208-B007-797CF86F108D}.Release|Any CPU.ActiveCfg = Release|Any CPU
		{29524D71-36CB-4208-B007-797CF86F108D}.Release|Any CPU.Build.0 = Release|Any CPU
	EndGlobalSection
	GlobalSection(SolutionProperties) = preSolution
		HideSolutionNode = FALSE
	EndGlobalSection
	GlobalSection(ExtensibilityGlobals) = postSolution
		SolutionGuid = {8FF18CE5-59FF-405F-A4D3-87A057EB6D8A}
	EndGlobalSection
EndGlobal
